{
  "name": "pretty-diff",
  "version": "1.0.0",
  "lockfileVersion": 1,
  "requires": true,
  "dependencies": {
    "github-request": {
      "version": "1.2.4",
      "resolved": "https://registry.npmjs.org/github-request/-/github-request-1.2.4.tgz",
      "integrity": "sha1-SPZN26rSH9gF+12X9aVUh0R7+0k="
    },
    "is-wsl": {
      "version": "1.1.0",
      "resolved": "https://registry.npmjs.org/is-wsl/-/is-wsl-1.1.0.tgz",
      "integrity": "sha1-HxbkqiKwTRM2tmGIpmrzxgDDpm0="
    },
    "open": {
      "version": "6.4.0",
      "resolved": "https://registry.npmjs.org/open/-/open-6.4.0.tgz",
      "integrity": "sha512-IFenVPgF70fSm1keSd2iDBIDIBZkroLeuffXq+wKTzTJlBpesFWojV9lb8mzOfaAzM1sr7HQHuO0vtV0zYekGg==",
      "requires": {
        "is-wsl": "^1.1.0"
      }
    }
  }
}
