{
  "name": "pretty-diff",
  "version": "0.7.1",
  "lockfileVersion": 1,
  "requires": true,
  "dependencies": {
    "github-request": {
      "version": "1.2.4",
      "resolved": "https://registry.npmjs.org/github-request/-/github-request-1.2.4.tgz",
      "integrity": "sha1-SPZN26rSH9gF+12X9aVUh0R7+0k="
    },
    "open": {
      "version": "0.0.5",
      "resolved": "https://registry.npmjs.org/open/-/open-0.0.5.tgz",
      "integrity": "sha1-QsPhjslUZra/DcQvOilFw/DK2Pw="
    }
  }
}
